
Microsoft Visual Studio Solution File, Format Version 12.00
# Visual Studio Version 17
VisualStudioVersion = 17.1.32414.318
MinimumVisualStudioVersion = 10.0.40219.1
Project("{FAE04EC0-301F-11D3-BF4B-00C04F79EFBC}") = "Mvcapp", "Mvcapp\Mvcapp.csproj", "{5F29ECEF-CAC3-4968-AA95-2ED2EBAB61B3}"
EndProject
Global
	GlobalSection(SolutionConfigurationPlatforms) = preSolution
		Debug|Any CPU = Debug|Any CPU
		Release|Any CPU = Release|Any CPU
	EndGlobalSection
	GlobalSection(ProjectConfigurationPlatforms) = postSolution
		{5F29ECEF-CAC3-4968-AA95-2ED2EBAB61B3}.Debug|Any CPU.ActiveCfg = Debug|Any CPU
		{5F29ECEF-CAC3-4968-AA95-2ED2EBAB61B3}.Debug|Any CPU.Build.0 = Debug|Any CPU
		{5F29ECEF-CAC3-4968-AA95-2ED2EBAB61B3}.Release|Any CPU.ActiveCfg = Release|Any CPU
		{5F29ECEF-CAC3-4968-AA95-2ED2EBAB61B3}.Release|Any CPU.Build.0 = Release|Any CPU
	EndGlobalSection
	GlobalSection(SolutionProperties) = preSolution
		HideSolutionNode = FALSE
	EndGlobalSection
	GlobalSection(ExtensibilityGlobals) = postSolution
		SolutionGuid = {9CB46A10-396A-40DB-AF67-AA093A2A60BB}
	EndGlobalSection
EndGlobal
